#MicroXplorer Configuration settings - do not modify
File.Version=6
KeepUserPlacement=true
Mcu.Family=STM32F4
Mcu.IP0=I2C1
Mcu.IP1=NVIC
Mcu.IP2=RCC
Mcu.IP3=SYS
Mcu.IPNb=4
Mcu.Name=STM32F411V(C-E)Tx
Mcu.Package=LQFP100
Mcu.Pin0=PB6
Mcu.Pin1=PB7
Mcu.Pin2=VP_SYS_VS_Systick
Mcu.PinsNb=3
Mcu.UserConstants=
Mcu.UserName=STM32F411VETx
MxCube.Version=4.13.0
MxDb.Version=DB.4.0.130
NVIC.PriorityGroup=NVIC_PRIORITYGROUP_0
NVIC.SysTick_IRQn=true\:0\:0\:true
PB6.Mode=I2C
PB6.Signal=I2C1_SCL
PB7.Mode=I2C
PB7.Signal=I2C1_SDA
PCC.Checker=false
PCC.Line=STM32F411
PCC.MCU=STM32F411V(C-E)Tx
PCC.MXVersion=4.13.0
PCC.PartNumber=STM32F411VETx
PCC.Seq0=0
PCC.Series=STM32F4
PCC.Temperature=25
PCC.Vdd=null
ProjectManager.AskForMigrate=true
ProjectManager.BackupPrevious=false
ProjectManager.CompilerOptimize=2
ProjectManager.ComputerToolchain=false
ProjectManager.CoupleFile=false
ProjectManager.DeletePrevious=true
ProjectManager.DeviceId=STM32F411VETx
ProjectManager.FirmwarePackage=STM32Cube FW_F4 V1.11.0
ProjectManager.FreePins=false
ProjectManager.HalAssertFull=false
ProjectManager.HeapSize=0x400
ProjectManager.KeepUserCode=true
ProjectManager.LastFirmware=true
ProjectManager.LibraryCopy=1
ProjectManager.ProjectBuild=false
ProjectManager.ProjectFileName=ssd1306.ioc
ProjectManager.ProjectName=ssd1306
ProjectManager.StackSize=0x200
ProjectManager.TargetToolchain=SW4STM32
ProjectManager.ToolChainLocation=
ProjectManager.functionlistsort=1-MX_GPIO_Init-GPIO-false,2-MX_I2C1_Init-I2C1-false
RCC.48MHZClocksFreq_Value=48000000
RCC.AHBFreq_Value=96000000
RCC.APB1CLKDivider=RCC_HCLK_DIV4
RCC.APB1Freq_Value=24000000
RCC.APB1TimFreq_Value=48000000
RCC.APB2CLKDivider=RCC_HCLK_DIV2
RCC.APB2Freq_Value=48000000
RCC.APB2TimFreq_Value=96000000
RCC.CortexFreq_Value=96000000
RCC.EthernetFreq_Value=96000000
RCC.FCLKCortexFreq_Value=96000000
RCC.FamilyName=M
RCC.HCLKFreq_Value=96000000
RCC.HSE_VALUE=8000000
RCC.HSI_VALUE=16000000
RCC.I2SClocksFreq_Value=320000000
RCC.IPParameters=HCLKFreq_Value,SYSCLKFreq_VALUE,I2SClocksFreq_Value,PLLCLKFreq_Value,FamilyName,RTCHSEDivFreq_Value,LSE_VALUE,RTCFreq_Value,PLLP,SYSCLKSource,MCO2PinFreq_Value,CortexFreq_Value,FCLKCortexFreq_Value,APB1CLKDivider,PLLI2SN,APB2Freq_Value,VCOI2SOutputFreq_Value,APB2TimFreq_Value,HSE_VALUE,PLLM,HSI_VALUE,PLLI2SM,PLLQ,VcooutputI2S,APB1TimFreq_Value,APB1Freq_Value,48MHZClocksFreq_Value,AHBFreq_Value,LSI_VALUE,VCOInputFreq_Value,EthernetFreq_Value,VCOOutputFreq_Value,VCOInputMFreq_Value,PLLQCLKFreq_Value,APB2CLKDivider
RCC.LSE_VALUE=32768
RCC.LSI_VALUE=32000
RCC.MCO2PinFreq_Value=96000000
RCC.PLLCLKFreq_Value=96000000
RCC.PLLI2SM=5
RCC.PLLI2SN=200
RCC.PLLM=8
RCC.PLLP=RCC_PLLP_DIV4
RCC.PLLQ=8
RCC.PLLQCLKFreq_Value=48000000
RCC.RTCFreq_Value=32000
RCC.RTCHSEDivFreq_Value=4000000
RCC.SYSCLKFreq_VALUE=96000000
RCC.SYSCLKSource=RCC_SYSCLKSOURCE_PLLCLK
RCC.VCOI2SOutputFreq_Value=640000000
RCC.VCOInputFreq_Value=2000000
RCC.VCOInputMFreq_Value=3200000
RCC.VCOOutputFreq_Value=384000000
RCC.VcooutputI2S=320000000
VP_SYS_VS_Systick.Mode=SysTick
VP_SYS_VS_Systick.Signal=SYS_VS_Systick
board=STM32F411E-DISCO
boardIOC=true
